
Microsoft Visual Studio Solution File, Format Version 12.00
# Visual Studio Version 17
VisualStudioVersion = 17.14.36623.8
MinimumVisualStudioVersion = 10.0.40219.1
Project("{FAE04EC0-301F-11D3-BF4B-00C04F79EFBC}") = "Client", "Client\Client.csproj", "{8C5BD241-7095-4245-9AAA-8A08364303C6}"
EndProject
Project("{FAE04EC0-301F-11D3-BF4B-00C04F79EFBC}") = "Shared", "Shared\Shared.csproj", "{2BF10269-F7F8-432E-8A88-36D7C0364E16}"
EndProject
Project("{FAE04EC0-301F-11D3-BF4B-00C04F79EFBC}") = "Server", "Server\Server.csproj", "{9F9E3668-9B8A-4B28-A2DC-C086A9CE628E}"
EndProject
Global
	GlobalSection(SolutionConfigurationPlatforms) = preSolution
		Debug|Any CPU = Debug|Any CPU
		Release|Any CPU = Release|Any CPU
	EndGlobalSection
	GlobalSection(ProjectConfigurationPlatforms) = postSolution
		{8C5BD241-7095-4245-9AAA-8A08364303C6}.Debug|Any CPU.ActiveCfg = Debug|Any CPU
		{8C5BD241-7095-4245-9AAA-8A08364303C6}.Debug|Any CPU.Build.0 = Debug|Any CPU
		{8C5BD241-7095-4245-9AAA-8A08364303C6}.Release|Any CPU.ActiveCfg = Release|Any CPU
		{8C5BD241-7095-4245-9AAA-8A08364303C6}.Release|Any CPU.Build.0 = Release|Any CPU
		{2BF10269-F7F8-432E-8A88-36D7C0364E16}.Debug|Any CPU.ActiveCfg = Debug|Any CPU
		{2BF10269-F7F8-432E-8A88-36D7C0364E16}.Debug|Any CPU.Build.0 = Debug|Any CPU
		{2BF10269-F7F8-432E-8A88-36D7C0364E16}.Release|Any CPU.ActiveCfg = Release|Any CPU
		{2BF10269-F7F8-432E-8A88-36D7C0364E16}.Release|Any CPU.Build.0 = Release|Any CPU
		{9F9E3668-9B8A-4B28-A2DC-C086A9CE628E}.Debug|Any CPU.ActiveCfg = Debug|Any CPU
		{9F9E3668-9B8A-4B28-A2DC-C086A9CE628E}.Debug|Any CPU.Build.0 = Debug|Any CPU
		{9F9E3668-9B8A-4B28-A2DC-C086A9CE628E}.Release|Any CPU.ActiveCfg = Release|Any CPU
		{9F9E3668-9B8A-4B28-A2DC-C086A9CE628E}.Release|Any CPU.Build.0 = Release|Any CPU
	EndGlobalSection
	GlobalSection(SolutionProperties) = preSolution
		HideSolutionNode = FALSE
	EndGlobalSection
	GlobalSection(ExtensibilityGlobals) = postSolution
		SolutionGuid = {1176489F-DD03-4E9B-ABEB-F3A7B551E471}
	EndGlobalSection
EndGlobal
